
Microsoft Visual Studio Solution File, Format Version 12.00
# Visual Studio Version 16
VisualStudioVersion = 16.0.31129.286
MinimumVisualStudioVersion = 10.0.40219.1
Project("{8BC9CEB8-8B4A-11D0-8D11-00A0C91BC942}") = "effective_notes", "effective_notes\effective_notes.vcxproj", "{99BD5A98-2BE4-45DE-94B7-A70AC59C6501}"
EndProject
Project("{2150E333-8FDC-42A3-9474-1A3956D46DE8}") = "effective_cpp", "effective_cpp", "{47933D13-0023-4411-A729-E794B022F4F7}"
EndProject
Project("{2150E333-8FDC-42A3-9474-1A3956D46DE8}") = "more_effective_cpp", "more_effective_cpp", "{11592C03-CBD1-4175-93B6-B2F6221B5F91}"
EndProject
Project("{2150E333-8FDC-42A3-9474-1A3956D46DE8}") = "effective_stl", "effective_stl", "{10ADA691-A537-43DD-9F3A-BCB10F6E3E3D}"
EndProject
Project("{2150E333-8FDC-42A3-9474-1A3956D46DE8}") = "exceptional_cpp", "exceptional_cpp", "{A8695F27-BFDE-4388-9389-9FDA612119D4}"
EndProject
Project("{2150E333-8FDC-42A3-9474-1A3956D46DE8}") = "more_exceptional_cpp", "more_exceptional_cpp", "{47F79D9F-D42D-40AF-9BF6-15ECF662B386}"
EndProject
Project("{8BC9CEB8-8B4A-11D0-8D11-00A0C91BC942}") = "effective_cpp_01", "effective_cpp_01\effective_cpp_01.vcxproj", "{A509D95B-20C2-45B9-965F-185060DCD760}"
EndProject
Project("{8BC9CEB8-8B4A-11D0-8D11-00A0C91BC942}") = "effective_cpp_02", "effective_cpp_02\effective_cpp_02.vcxproj", "{52FD4B0D-30C2-493A-B739-73F89C502A2B}"
EndProject
Project("{8BC9CEB8-8B4A-11D0-8D11-00A0C91BC942}") = "effective_cpp_03", "effective_cpp_03\effective_cpp_03.vcxproj", "{B6CE88FB-C53E-408B-B3D4-A2CB7FA5C575}"
EndProject
Project("{8BC9CEB8-8B4A-11D0-8D11-00A0C91BC942}") = "effective_cpp_04", "effective_cpp_04\effective_cpp_04.vcxproj", "{23C65C30-5CF3-4DE3-8C96-FC67896FF290}"
EndProject
Project("{8BC9CEB8-8B4A-11D0-8D11-00A0C91BC942}") = "effective_cpp_05", "effective_cpp_05\effective_cpp_05.vcxproj", "{5A095A9F-7074-46A9-9F09-178C6DB1CD62}"
EndProject
Project("{8BC9CEB8-8B4A-11D0-8D11-00A0C91BC942}") = "effective_cpp_06", "effective_cpp_06\effective_cpp_06.vcxproj", "{1F8041FB-5B15-4D95-9EB2-E0FE556F3B8B}"
EndProject
Project("{8BC9CEB8-8B4A-11D0-8D11-00A0C91BC942}") = "effective_cpp_07", "effective_cpp_07\effective_cpp_07.vcxproj", "{4B4B9DBA-3771-4B44-A85B-2800A612E315}"
EndProject
Project("{8BC9CEB8-8B4A-11D0-8D11-00A0C91BC942}") = "effective_cpp_08", "effective_cpp_08\effective_cpp_08.vcxproj", "{24AB7C37-A346-4AE2-A961-ED23CAF89532}"
EndProject
Project("{8BC9CEB8-8B4A-11D0-8D11-00A0C91BC942}") = "effective_cpp_09", "effective_cpp_09\effective_cpp_09.vcxproj", "{9AAB37F0-AE53-4D2C-B20C-A5300030B7D8}"
EndProject
Project("{8BC9CEB8-8B4A-11D0-8D11-00A0C91BC942}") = "more_effective_cpp_01", "more_effective_cpp_01\more_effective_cpp_01.vcxproj", "{F10FD79D-BB9D-4059-94C2-BF8AA1D523A4}"
EndProject
Project("{8BC9CEB8-8B4A-11D0-8D11-00A0C91BC942}") = "more_effective_cpp_02", "more_effective_cpp_02\more_effective_cpp_02.vcxproj", "{1AB54A65-99F3-450B-9DBF-42E640A9493F}"
EndProject
Project("{8BC9CEB8-8B4A-11D0-8D11-00A0C91BC942}") = "more_effective_cpp_03", "more_effective_cpp_03\more_effective_cpp_03.vcxproj", "{5B667A0C-AB90-4193-A160-B0F87C66B278}"
EndProject
Project("{8BC9CEB8-8B4A-11D0-8D11-00A0C91BC942}") = "more_effective_cpp_04", "more_effective_cpp_04\more_effective_cpp_04.vcxproj", "{0F7ED8AF-6759-47FD-A5B4-A3783B167A09}"
EndProject
Project("{8BC9CEB8-8B4A-11D0-8D11-00A0C91BC942}") = "more_effective_cpp_05", "more_effective_cpp_05\more_effective_cpp_05.vcxproj", "{4EA024FC-A210-4502-993B-96DC6ECD71C7}"
EndProject
Project("{8BC9CEB8-8B4A-11D0-8D11-00A0C91BC942}") = "more_effective_cpp_06", "more_effective_cpp_06\more_effective_cpp_06.vcxproj", "{C00B31D0-E8CC-470B-97EB-EF7AFBB8050F}"
EndProject
Project("{8BC9CEB8-8B4A-11D0-8D11-00A0C91BC942}") = "effective_stl_01", "effective_stl_01\effective_stl_01.vcxproj", "{6B521F1B-6B63-47C4-9AB5-B4D453B90D60}"
EndProject
Project("{8BC9CEB8-8B4A-11D0-8D11-00A0C91BC942}") = "effective_stl_02", "effective_stl_02\effective_stl_02.vcxproj", "{07E988FC-C375-45D4-B540-2ED1EA48332E}"
EndProject
Project("{8BC9CEB8-8B4A-11D0-8D11-00A0C91BC942}") = "effective_stl_03", "effective_stl_03\effective_stl_03.vcxproj", "{747EEAEB-6411-45E2-840C-BFAE152204AD}"
EndProject
Project("{8BC9CEB8-8B4A-11D0-8D11-00A0C91BC942}") = "effective_stl_04", "effective_stl_04\effective_stl_04.vcxproj", "{8208FFB6-E55C-4A15-A60A-CF89FED6DF4F}"
EndProject
Project("{8BC9CEB8-8B4A-11D0-8D11-00A0C91BC942}") = "effective_stl_05", "effective_stl_05\effective_stl_05.vcxproj", "{C1CE9CCF-FADF-4E89-9EFC-0A235BDC5EFE}"
EndProject
Project("{8BC9CEB8-8B4A-11D0-8D11-00A0C91BC942}") = "effective_stl_06", "effective_stl_06\effective_stl_06.vcxproj", "{FEA92E0C-AF50-44EC-89C7-EE78A0724D55}"
EndProject
Project("{8BC9CEB8-8B4A-11D0-8D11-00A0C91BC942}") = "effective_stl_07", "effective_stl_07\effective_stl_07.vcxproj", "{8E35837E-4C93-4E2F-898E-48F4D31BD8AD}"
EndProject
Project("{8BC9CEB8-8B4A-11D0-8D11-00A0C91BC942}") = "exceptional_cpp_01", "exceptional_cpp_01\exceptional_cpp_01.vcxproj", "{C7AC4FAB-B1C3-4488-B412-8178C5ECDA9D}"
EndProject
Project("{2150E333-8FDC-42A3-9474-1A3956D46DE8}") = "effective_modern_cpp", "effective_modern_cpp", "{E0421BA3-E75D-4E10-A900-8ED384922D1B}"
EndProject
Project("{8BC9CEB8-8B4A-11D0-8D11-00A0C91BC942}") = "effective_modern_cpp_01", "effective_modern_cpp_01\effective_modern_cpp_01.vcxproj", "{E3602ADA-EEAC-46E9-A530-FA949A1CE149}"
EndProject
Project("{8BC9CEB8-8B4A-11D0-8D11-00A0C91BC942}") = "effective_modern_cpp_02", "effective_modern_cpp_02\effective_modern_cpp_02.vcxproj", "{AB96D621-6EE2-413D-9970-3228F9A90C39}"
EndProject
Project("{8BC9CEB8-8B4A-11D0-8D11-00A0C91BC942}") = "effective_modern_cpp_03", "effective_modern_cpp_03\effective_modern_cpp_03.vcxproj", "{D023EDD9-0F86-425D-BDBD-76498D2DEA5E}"
EndProject
Project("{8BC9CEB8-8B4A-11D0-8D11-00A0C91BC942}") = "effective_modern_cpp_04", "effective_modern_cpp_04\effective_modern_cpp_04.vcxproj", "{0FC9EC62-2CFA-4736-A8A4-AC15D9C7F2E3}"
EndProject
Project("{8BC9CEB8-8B4A-11D0-8D11-00A0C91BC942}") = "effective_modern_cpp_05", "effective_modern_cpp_05\effective_modern_cpp_05.vcxproj", "{C55048F9-C9A4-4ED7-AB49-8E74B0749F9A}"
EndProject
Global
	GlobalSection(SolutionConfigurationPlatforms) = preSolution
		Debug|x64 = Debug|x64
		Debug|x86 = Debug|x86
		Release|x64 = Release|x64
		Release|x86 = Release|x86
	EndGlobalSection
	GlobalSection(ProjectConfigurationPlatforms) = postSolution
		{99BD5A98-2BE4-45DE-94B7-A70AC59C6501}.Debug|x64.ActiveCfg = Debug|x64
		{99BD5A98-2BE4-45DE-94B7-A70AC59C6501}.Debug|x64.Build.0 = Debug|x64
		{99BD5A98-2BE4-45DE-94B7-A70AC59C6501}.Debug|x86.ActiveCfg = Debug|Win32
		{99BD5A98-2BE4-45DE-94B7-A70AC59C6501}.Debug|x86.Build.0 = Debug|Win32
		{99BD5A98-2BE4-45DE-94B7-A70AC59C6501}.Release|x64.ActiveCfg = Release|x64
		{99BD5A98-2BE4-45DE-94B7-A70AC59C6501}.Release|x64.Build.0 = Release|x64
		{99BD5A98-2BE4-45DE-94B7-A70AC59C6501}.Release|x86.ActiveCfg = Release|Win32
		{99BD5A98-2BE4-45DE-94B7-A70AC59C6501}.Release|x86.Build.0 = Release|Win32
		{A509D95B-20C2-45B9-965F-185060DCD760}.Debug|x64.ActiveCfg = Debug|x64
		{A509D95B-20C2-45B9-965F-185060DCD760}.Debug|x64.Build.0 = Debug|x64
		{A509D95B-20C2-45B9-965F-185060DCD760}.Debug|x86.ActiveCfg = Debug|Win32
		{A509D95B-20C2-45B9-965F-185060DCD760}.Debug|x86.Build.0 = Debug|Win32
		{A509D95B-20C2-45B9-965F-185060DCD760}.Release|x64.ActiveCfg = Release|x64
		{A509D95B-20C2-45B9-965F-185060DCD760}.Release|x64.Build.0 = Release|x64
		{A509D95B-20C2-45B9-965F-185060DCD760}.Release|x86.ActiveCfg = Release|Win32
		{A509D95B-20C2-45B9-965F-185060DCD760}.Release|x86.Build.0 = Release|Win32
		{52FD4B0D-30C2-493A-B739-73F89C502A2B}.Debug|x64.ActiveCfg = Debug|x64
		{52FD4B0D-30C2-493A-B739-73F89C502A2B}.Debug|x64.Build.0 = Debug|x64
		{52FD4B0D-30C2-493A-B739-73F89C502A2B}.Debug|x86.ActiveCfg = Debug|Win32
		{52FD4B0D-30C2-493A-B739-73F89C502A2B}.Debug|x86.Build.0 = Debug|Win32
		{52FD4B0D-30C2-493A-B739-73F89C502A2B}.Release|x64.ActiveCfg = Release|x64
		{52FD4B0D-30C2-493A-B739-73F89C502A2B}.Release|x64.Build.0 = Release|x64
		{52FD4B0D-30C2-493A-B739-73F89C502A2B}.Release|x86.ActiveCfg = Release|Win32
		{52FD4B0D-30C2-493A-B739-73F89C502A2B}.Release|x86.Build.0 = Release|Win32
		{B6CE88FB-C53E-408B-B3D4-A2CB7FA5C575}.Debug|x64.ActiveCfg = Debug|x64
		{B6CE88FB-C53E-408B-B3D4-A2CB7FA5C575}.Debug|x64.Build.0 = Debug|x64
		{B6CE88FB-C53E-408B-B3D4-A2CB7FA5C575}.Debug|x86.ActiveCfg = Debug|Win32
		{B6CE88FB-C53E-408B-B3D4-A2CB7FA5C575}.Debug|x86.Build.0 = Debug|Win32
		{B6CE88FB-C53E-408B-B3D4-A2CB7FA5C575}.Release|x64.ActiveCfg = Release|x64
		{B6CE88FB-C53E-408B-B3D4-A2CB7FA5C575}.Release|x64.Build.0 = Release|x64
		{B6CE88FB-C53E-408B-B3D4-A2CB7FA5C575}.Release|x86.ActiveCfg = Release|Win32
		{B6CE88FB-C53E-408B-B3D4-A2CB7FA5C575}.Release|x86.Build.0 = Release|Win32
		{23C65C30-5CF3-4DE3-8C96-FC67896FF290}.Debug|x64.ActiveCfg = Debug|x64
		{23C65C30-5CF3-4DE3-8C96-FC67896FF290}.Debug|x64.Build.0 = Debug|x64
		{23C65C30-5CF3-4DE3-8C96-FC67896FF290}.Debug|x86.ActiveCfg = Debug|Win32
		{23C65C30-5CF3-4DE3-8C96-FC67896FF290}.Debug|x86.Build.0 = Debug|Win32
		{23C65C30-5CF3-4DE3-8C96-FC67896FF290}.Release|x64.ActiveCfg = Release|x64
		{23C65C30-5CF3-4DE3-8C96-FC67896FF290}.Release|x64.Build.0 = Release|x64
		{23C65C30-5CF3-4DE3-8C96-FC67896FF290}.Release|x86.ActiveCfg = Release|Win32
		{23C65C30-5CF3-4DE3-8C96-FC67896FF290}.Release|x86.Build.0 = Release|Win32
		{5A095A9F-7074-46A9-9F09-178C6DB1CD62}.Debug|x64.ActiveCfg = Debug|x64
		{5A095A9F-7074-46A9-9F09-178C6DB1CD62}.Debug|x64.Build.0 = Debug|x64
		{5A095A9F-7074-46A9-9F09-178C6DB1CD62}.Debug|x86.ActiveCfg = Debug|Win32
		{5A095A9F-7074-46A9-9F09-178C6DB1CD62}.Debug|x86.Build.0 = Debug|Win32
		{5A095A9F-7074-46A9-9F09-178C6DB1CD62}.Release|x64.ActiveCfg = Release|x64
		{5A095A9F-7074-46A9-9F09-178C6DB1CD62}.Release|x64.Build.0 = Release|x64
		{5A095A9F-7074-46A9-9F09-178C6DB1CD62}.Release|x86.ActiveCfg = Release|Win32
		{5A095A9F-7074-46A9-9F09-178C6DB1CD62}.Release|x86.Build.0 = Release|Win32
		{1F8041FB-5B15-4D95-9EB2-E0FE556F3B8B}.Debug|x64.ActiveCfg = Debug|x64
		{1F8041FB-5B15-4D95-9EB2-E0FE556F3B8B}.Debug|x64.Build.0 = Debug|x64
		{1F8041FB-5B15-4D95-9EB2-E0FE556F3B8B}.Debug|x86.ActiveCfg = Debug|Win32
		{1F8041FB-5B15-4D95-9EB2-E0FE556F3B8B}.Debug|x86.Build.0 = Debug|Win32
		{1F8041FB-5B15-4D95-9EB2-E0FE556F3B8B}.Release|x64.ActiveCfg = Release|x64
		{1F8041FB-5B15-4D95-9EB2-E0FE556F3B8B}.Release|x64.Build.0 = Release|x64
		{1F8041FB-5B15-4D95-9EB2-E0FE556F3B8B}.Release|x86.ActiveCfg = Release|Win32
		{1F8041FB-5B15-4D95-9EB2-E0FE556F3B8B}.Release|x86.Build.0 = Release|Win32
		{4B4B9DBA-3771-4B44-A85B-2800A612E315}.Debug|x64.ActiveCfg = Debug|x64
		{4B4B9DBA-3771-4B44-A85B-2800A612E315}.Debug|x64.Build.0 = Debug|x64
		{4B4B9DBA-3771-4B44-A85B-2800A612E315}.Debug|x86.ActiveCfg = Debug|Win32
		{4B4B9DBA-3771-4B44-A85B-2800A612E315}.Debug|x86.Build.0 = Debug|Win32
		{4B4B9DBA-3771-4B44-A85B-2800A612E315}.Release|x64.ActiveCfg = Release|x64
		{4B4B9DBA-3771-4B44-A85B-2800A612E315}.Release|x64.Build.0 = Release|x64
		{4B4B9DBA-3771-4B44-A85B-2800A612E315}.Release|x86.ActiveCfg = Release|Win32
		{4B4B9DBA-3771-4B44-A85B-2800A612E315}.Release|x86.Build.0 = Release|Win32
		{24AB7C37-A346-4AE2-A961-ED23CAF89532}.Debug|x64.ActiveCfg = Debug|x64
		{24AB7C37-A346-4AE2-A961-ED23CAF89532}.Debug|x64.Build.0 = Debug|x64
		{24AB7C37-A346-4AE2-A961-ED23CAF89532}.Debug|x86.ActiveCfg = Debug|Win32
		{24AB7C37-A346-4AE2-A961-ED23CAF89532}.Debug|x86.Build.0 = Debug|Win32
		{24AB7C37-A346-4AE2-A961-ED23CAF89532}.Release|x64.ActiveCfg = Release|x64
		{24AB7C37-A346-4AE2-A961-ED23CAF89532}.Release|x64.Build.0 = Release|x64
		{24AB7C37-A346-4AE2-A961-ED23CAF89532}.Release|x86.ActiveCfg = Release|Win32
		{24AB7C37-A346-4AE2-A961-ED23CAF89532}.Release|x86.Build.0 = Release|Win32
		{9AAB37F0-AE53-4D2C-B20C-A5300030B7D8}.Debug|x64.ActiveCfg = Debug|x64
		{9AAB37F0-AE53-4D2C-B20C-A5300030B7D8}.Debug|x64.Build.0 = Debug|x64
		{9AAB37F0-AE53-4D2C-B20C-A5300030B7D8}.Debug|x86.ActiveCfg = Debug|Win32
		{9AAB37F0-AE53-4D2C-B20C-A5300030B7D8}.Debug|x86.Build.0 = Debug|Win32
		{9AAB37F0-AE53-4D2C-B20C-A5300030B7D8}.Release|x64.ActiveCfg = Release|x64
		{9AAB37F0-AE53-4D2C-B20C-A5300030B7D8}.Release|x64.Build.0 = Release|x64
		{9AAB37F0-AE53-4D2C-B20C-A5300030B7D8}.Release|x86.ActiveCfg = Release|Win32
		{9AAB37F0-AE53-4D2C-B20C-A5300030B7D8}.Release|x86.Build.0 = Release|Win32
		{F10FD79D-BB9D-4059-94C2-BF8AA1D523A4}.Debug|x64.ActiveCfg = Debug|x64
		{F10FD79D-BB9D-4059-94C2-BF8AA1D523A4}.Debug|x64.Build.0 = Debug|x64
		{F10FD79D-BB9D-4059-94C2-BF8AA1D523A4}.Debug|x86.ActiveCfg = Debug|Win32
		{F10FD79D-BB9D-4059-94C2-BF8AA1D523A4}.Debug|x86.Build.0 = Debug|Win32
		{F10FD79D-BB9D-4059-94C2-BF8AA1D523A4}.Release|x64.ActiveCfg = Release|x64
		{F10FD79D-BB9D-4059-94C2-BF8AA1D523A4}.Release|x64.Build.0 = Release|x64
		{F10FD79D-BB9D-4059-94C2-BF8AA1D523A4}.Release|x86.ActiveCfg = Release|Win32
		{F10FD79D-BB9D-4059-94C2-BF8AA1D523A4}.Release|x86.Build.0 = Release|Win32
		{1AB54A65-99F3-450B-9DBF-42E640A9493F}.Debug|x64.ActiveCfg = Debug|x64
		{1AB54A65-99F3-450B-9DBF-42E640A9493F}.Debug|x64.Build.0 = Debug|x64
		{1AB54A65-99F3-450B-9DBF-42E640A9493F}.Debug|x86.ActiveCfg = Debug|Win32
		{1AB54A65-99F3-450B-9DBF-42E640A9493F}.Debug|x86.Build.0 = Debug|Win32
		{1AB54A65-99F3-450B-9DBF-42E640A9493F}.Release|x64.ActiveCfg = Release|x64
		{1AB54A65-99F3-450B-9DBF-42E640A9493F}.Release|x64.Build.0 = Release|x64
		{1AB54A65-99F3-450B-9DBF-42E640A9493F}.Release|x86.ActiveCfg = Release|Win32
		{1AB54A65-99F3-450B-9DBF-42E640A9493F}.Release|x86.Build.0 = Release|Win32
		{5B667A0C-AB90-4193-A160-B0F87C66B278}.Debug|x64.ActiveCfg = Debug|x64
		{5B667A0C-AB90-4193-A160-B0F87C66B278}.Debug|x64.Build.0 = Debug|x64
		{5B667A0C-AB90-4193-A160-B0F87C66B278}.Debug|x86.ActiveCfg = Debug|Win32
		{5B667A0C-AB90-4193-A160-B0F87C66B278}.Debug|x86.Build.0 = Debug|Win32
		{5B667A0C-AB90-4193-A160-B0F87C66B278}.Release|x64.ActiveCfg = Release|x64
		{5B667A0C-AB90-4193-A160-B0F87C66B278}.Release|x64.Build.0 = Release|x64
		{5B667A0C-AB90-4193-A160-B0F87C66B278}.Release|x86.ActiveCfg = Release|Win32
		{5B667A0C-AB90-4193-A160-B0F87C66B278}.Release|x86.Build.0 = Release|Win32
		{0F7ED8AF-6759-47FD-A5B4-A3783B167A09}.Debug|x64.ActiveCfg = Debug|x64
		{0F7ED8AF-6759-47FD-A5B4-A3783B167A09}.Debug|x64.Build.0 = Debug|x64
		{0F7ED8AF-6759-47FD-A5B4-A3783B167A09}.Debug|x86.ActiveCfg = Debug|Win32
		{0F7ED8AF-6759-47FD-A5B4-A3783B167A09}.Debug|x86.Build.0 = Debug|Win32
		{0F7ED8AF-6759-47FD-A5B4-A3783B167A09}.Release|x64.ActiveCfg = Release|x64
		{0F7ED8AF-6759-47FD-A5B4-A3783B167A09}.Release|x64.Build.0 = Release|x64
		{0F7ED8AF-6759-47FD-A5B4-A3783B167A09}.Release|x86.ActiveCfg = Release|Win32
		{0F7ED8AF-6759-47FD-A5B4-A3783B167A09}.Release|x86.Build.0 = Release|Win32
		{4EA024FC-A210-4502-993B-96DC6ECD71C7}.Debug|x64.ActiveCfg = Debug|x64
		{4EA024FC-A210-4502-993B-96DC6ECD71C7}.Debug|x64.Build.0 = Debug|x64
		{4EA024FC-A210-4502-993B-96DC6ECD71C7}.Debug|x86.ActiveCfg = Debug|Win32
		{4EA024FC-A210-4502-993B-96DC6ECD71C7}.Debug|x86.Build.0 = Debug|Win32
		{4EA024FC-A210-4502-993B-96DC6ECD71C7}.Release|x64.ActiveCfg = Release|x64
		{4EA024FC-A210-4502-993B-96DC6ECD71C7}.Release|x64.Build.0 = Release|x64
		{4EA024FC-A210-4502-993B-96DC6ECD71C7}.Release|x86.ActiveCfg = Release|Win32
		{4EA024FC-A210-4502-993B-96DC6ECD71C7}.Release|x86.Build.0 = Release|Win32
		{C00B31D0-E8CC-470B-97EB-EF7AFBB8050F}.Debug|x64.ActiveCfg = Debug|x64
		{C00B31D0-E8CC-470B-97EB-EF7AFBB8050F}.Debug|x64.Build.0 = Debug|x64
		{C00B31D0-E8CC-470B-97EB-EF7AFBB8050F}.Debug|x86.ActiveCfg = Debug|Win32
		{C00B31D0-E8CC-470B-97EB-EF7AFBB8050F}.Debug|x86.Build.0 = Debug|Win32
		{C00B31D0-E8CC-470B-97EB-EF7AFBB8050F}.Release|x64.ActiveCfg = Release|x64
		{C00B31D0-E8CC-470B-97EB-EF7AFBB8050F}.Release|x64.Build.0 = Release|x64
		{C00B31D0-E8CC-470B-97EB-EF7AFBB8050F}.Release|x86.ActiveCfg = Release|Win32
		{C00B31D0-E8CC-470B-97EB-EF7AFBB8050F}.Release|x86.Build.0 = Release|Win32
		{6B521F1B-6B63-47C4-9AB5-B4D453B90D60}.Debug|x64.ActiveCfg = Debug|x64
		{6B521F1B-6B63-47C4-9AB5-B4D453B90D60}.Debug|x64.Build.0 = Debug|x64
		{6B521F1B-6B63-47C4-9AB5-B4D453B90D60}.Debug|x86.ActiveCfg = Debug|Win32
		{6B521F1B-6B63-47C4-9AB5-B4D453B90D60}.Debug|x86.Build.0 = Debug|Win32
		{6B521F1B-6B63-47C4-9AB5-B4D453B90D60}.Release|x64.ActiveCfg = Release|x64
		{6B521F1B-6B63-47C4-9AB5-B4D453B90D60}.Release|x64.Build.0 = Release|x64
		{6B521F1B-6B63-47C4-9AB5-B4D453B90D60}.Release|x86.ActiveCfg = Release|Win32
		{6B521F1B-6B63-47C4-9AB5-B4D453B90D60}.Release|x86.Build.0 = Release|Win32
		{07E988FC-C375-45D4-B540-2ED1EA48332E}.Debug|x64.ActiveCfg = Debug|x64
		{07E988FC-C375-45D4-B540-2ED1EA48332E}.Debug|x64.Build.0 = Debug|x64
		{07E988FC-C375-45D4-B540-2ED1EA48332E}.Debug|x86.ActiveCfg = Debug|Win32
		{07E988FC-C375-45D4-B540-2ED1EA48332E}.Debug|x86.Build.0 = Debug|Win32
		{07E988FC-C375-45D4-B540-2ED1EA48332E}.Release|x64.ActiveCfg = Release|x64
		{07E988FC-C375-45D4-B540-2ED1EA48332E}.Release|x64.Build.0 = Release|x64
		{07E988FC-C375-45D4-B540-2ED1EA48332E}.Release|x86.ActiveCfg = Release|Win32
		{07E988FC-C375-45D4-B540-2ED1EA48332E}.Release|x86.Build.0 = Release|Win32
		{747EEAEB-6411-45E2-840C-BFAE152204AD}.Debug|x64.ActiveCfg = Debug|x64
		{747EEAEB-6411-45E2-840C-BFAE152204AD}.Debug|x64.Build.0 = Debug|x64
		{747EEAEB-6411-45E2-840C-BFAE152204AD}.Debug|x86.ActiveCfg = Debug|Win32
		{747EEAEB-6411-45E2-840C-BFAE152204AD}.Debug|x86.Build.0 = Debug|Win32
		{747EEAEB-6411-45E2-840C-BFAE152204AD}.Release|x64.ActiveCfg = Release|x64
		{747EEAEB-6411-45E2-840C-BFAE152204AD}.Release|x64.Build.0 = Release|x64
		{747EEAEB-6411-45E2-840C-BFAE152204AD}.Release|x86.ActiveCfg = Release|Win32
		{747EEAEB-6411-45E2-840C-BFAE152204AD}.Release|x86.Build.0 = Release|Win32
		{8208FFB6-E55C-4A15-A60A-CF89FED6DF4F}.Debug|x64.ActiveCfg = Debug|x64
		{8208FFB6-E55C-4A15-A60A-CF89FED6DF4F}.Debug|x64.Build.0 = Debug|x64
		{8208FFB6-E55C-4A15-A60A-CF89FED6DF4F}.Debug|x86.ActiveCfg = Debug|Win32
		{8208FFB6-E55C-4A15-A60A-CF89FED6DF4F}.Debug|x86.Build.0 = Debug|Win32
		{8208FFB6-E55C-4A15-A60A-CF89FED6DF4F}.Release|x64.ActiveCfg = Release|x64
		{8208FFB6-E55C-4A15-A60A-CF89FED6DF4F}.Release|x64.Build.0 = Release|x64
		{8208FFB6-E55C-4A15-A60A-CF89FED6DF4F}.Release|x86.ActiveCfg = Release|Win32
		{8208FFB6-E55C-4A15-A60A-CF89FED6DF4F}.Release|x86.Build.0 = Release|Win32
		{C1CE9CCF-FADF-4E89-9EFC-0A235BDC5EFE}.Debug|x64.ActiveCfg = Debug|x64
		{C1CE9CCF-FADF-4E89-9EFC-0A235BDC5EFE}.Debug|x64.Build.0 = Debug|x64
		{C1CE9CCF-FADF-4E89-9EFC-0A235BDC5EFE}.Debug|x86.ActiveCfg = Debug|Win32
		{C1CE9CCF-FADF-4E89-9EFC-0A235BDC5EFE}.Debug|x86.Build.0 = Debug|Win32
		{C1CE9CCF-FADF-4E89-9EFC-0A235BDC5EFE}.Release|x64.ActiveCfg = Release|x64
		{C1CE9CCF-FADF-4E89-9EFC-0A235BDC5EFE}.Release|x64.Build.0 = Release|x64
		{C1CE9CCF-FADF-4E89-9EFC-0A235BDC5EFE}.Release|x86.ActiveCfg = Release|Win32
		{C1CE9CCF-FADF-4E89-9EFC-0A235BDC5EFE}.Release|x86.Build.0 = Release|Win32
		{FEA92E0C-AF50-44EC-89C7-EE78A0724D55}.Debug|x64.ActiveCfg = Debug|x64
		{FEA92E0C-AF50-44EC-89C7-EE78A0724D55}.Debug|x64.Build.0 = Debug|x64
		{FEA92E0C-AF50-44EC-89C7-EE78A0724D55}.Debug|x86.ActiveCfg = Debug|Win32
		{FEA92E0C-AF50-44EC-89C7-EE78A0724D55}.Debug|x86.Build.0 = Debug|Win32
		{FEA92E0C-AF50-44EC-89C7-EE78A0724D55}.Release|x64.ActiveCfg = Release|x64
		{FEA92E0C-AF50-44EC-89C7-EE78A0724D55}.Release|x64.Build.0 = Release|x64
		{FEA92E0C-AF50-44EC-89C7-EE78A0724D55}.Release|x86.ActiveCfg = Release|Win32
		{FEA92E0C-AF50-44EC-89C7-EE78A0724D55}.Release|x86.Build.0 = Release|Win32
		{8E35837E-4C93-4E2F-898E-48F4D31BD8AD}.Debug|x64.ActiveCfg = Debug|x64
		{8E35837E-4C93-4E2F-898E-48F4D31BD8AD}.Debug|x64.Build.0 = Debug|x64
		{8E35837E-4C93-4E2F-898E-48F4D31BD8AD}.Debug|x86.ActiveCfg = Debug|Win32
		{8E35837E-4C93-4E2F-898E-48F4D31BD8AD}.Debug|x86.Build.0 = Debug|Win32
		{8E35837E-4C93-4E2F-898E-48F4D31BD8AD}.Release|x64.ActiveCfg = Release|x64
		{8E35837E-4C93-4E2F-898E-48F4D31BD8AD}.Release|x64.Build.0 = Release|x64
		{8E35837E-4C93-4E2F-898E-48F4D31BD8AD}.Release|x86.ActiveCfg = Release|Win32
		{8E35837E-4C93-4E2F-898E-48F4D31BD8AD}.Release|x86.Build.0 = Release|Win32
		{C7AC4FAB-B1C3-4488-B412-8178C5ECDA9D}.Debug|x64.ActiveCfg = Debug|x64
		{C7AC4FAB-B1C3-4488-B412-8178C5ECDA9D}.Debug|x64.Build.0 = Debug|x64
		{C7AC4FAB-B1C3-4488-B412-8178C5ECDA9D}.Debug|x86.ActiveCfg = Debug|Win32
		{C7AC4FAB-B1C3-4488-B412-8178C5ECDA9D}.Debug|x86.Build.0 = Debug|Win32
		{C7AC4FAB-B1C3-4488-B412-8178C5ECDA9D}.Release|x64.ActiveCfg = Release|x64
		{C7AC4FAB-B1C3-4488-B412-8178C5ECDA9D}.Release|x64.Build.0 = Release|x64
		{C7AC4FAB-B1C3-4488-B412-8178C5ECDA9D}.Release|x86.ActiveCfg = Release|Win32
		{C7AC4FAB-B1C3-4488-B412-8178C5ECDA9D}.Release|x86.Build.0 = Release|Win32
		{E3602ADA-EEAC-46E9-A530-FA949A1CE149}.Debug|x64.ActiveCfg = Debug|x64
		{E3602ADA-EEAC-46E9-A530-FA949A1CE149}.Debug|x64.Build.0 = Debug|x64
		{E3602ADA-EEAC-46E9-A530-FA949A1CE149}.Debug|x86.ActiveCfg = Debug|Win32
		{E3602ADA-EEAC-46E9-A530-FA949A1CE149}.Debug|x86.Build.0 = Debug|Win32
		{E3602ADA-EEAC-46E9-A530-FA949A1CE149}.Release|x64.ActiveCfg = Release|x64
		{E3602ADA-EEAC-46E9-A530-FA949A1CE149}.Release|x64.Build.0 = Release|x64
		{E3602ADA-EEAC-46E9-A530-FA949A1CE149}.Release|x86.ActiveCfg = Release|Win32
		{E3602ADA-EEAC-46E9-A530-FA949A1CE149}.Release|x86.Build.0 = Release|Win32
		{AB96D621-6EE2-413D-9970-3228F9A90C39}.Debug|x64.ActiveCfg = Debug|x64
		{AB96D621-6EE2-413D-9970-3228F9A90C39}.Debug|x64.Build.0 = Debug|x64
		{AB96D621-6EE2-413D-9970-3228F9A90C39}.Debug|x86.ActiveCfg = Debug|Win32
		{AB96D621-6EE2-413D-9970-3228F9A90C39}.Debug|x86.Build.0 = Debug|Win32
		{AB96D621-6EE2-413D-9970-3228F9A90C39}.Release|x64.ActiveCfg = Release|x64
		{AB96D621-6EE2-413D-9970-3228F9A90C39}.Release|x64.Build.0 = Release|x64
		{AB96D621-6EE2-413D-9970-3228F9A90C39}.Release|x86.ActiveCfg = Release|Win32
		{AB96D621-6EE2-413D-9970-3228F9A90C39}.Release|x86.Build.0 = Release|Win32
		{D023EDD9-0F86-425D-BDBD-76498D2DEA5E}.Debug|x64.ActiveCfg = Debug|x64
		{D023EDD9-0F86-425D-BDBD-76498D2DEA5E}.Debug|x64.Build.0 = Debug|x64
		{D023EDD9-0F86-425D-BDBD-76498D2DEA5E}.Debug|x86.ActiveCfg = Debug|Win32
		{D023EDD9-0F86-425D-BDBD-76498D2DEA5E}.Debug|x86.Build.0 = Debug|Win32
		{D023EDD9-0F86-425D-BDBD-76498D2DEA5E}.Release|x64.ActiveCfg = Release|x64
		{D023EDD9-0F86-425D-BDBD-76498D2DEA5E}.Release|x64.Build.0 = Release|x64
		{D023EDD9-0F86-425D-BDBD-76498D2DEA5E}.Release|x86.ActiveCfg = Release|Win32
		{D023EDD9-0F86-425D-BDBD-76498D2DEA5E}.Release|x86.Build.0 = Release|Win32
		{0FC9EC62-2CFA-4736-A8A4-AC15D9C7F2E3}.Debug|x64.ActiveCfg = Debug|x64
		{0FC9EC62-2CFA-4736-A8A4-AC15D9C7F2E3}.Debug|x64.Build.0 = Debug|x64
		{0FC9EC62-2CFA-4736-A8A4-AC15D9C7F2E3}.Debug|x86.ActiveCfg = Debug|Win32
		{0FC9EC62-2CFA-4736-A8A4-AC15D9C7F2E3}.Debug|x86.Build.0 = Debug|Win32
		{0FC9EC62-2CFA-4736-A8A4-AC15D9C7F2E3}.Release|x64.ActiveCfg = Release|x64
		{0FC9EC62-2CFA-4736-A8A4-AC15D9C7F2E3}.Release|x64.Build.0 = Release|x64
		{0FC9EC62-2CFA-4736-A8A4-AC15D9C7F2E3}.Release|x86.ActiveCfg = Release|Win32
		{0FC9EC62-2CFA-4736-A8A4-AC15D9C7F2E3}.Release|x86.Build.0 = Release|Win32
		{C55048F9-C9A4-4ED7-AB49-8E74B0749F9A}.Debug|x64.ActiveCfg = Debug|x64
		{C55048F9-C9A4-4ED7-AB49-8E74B0749F9A}.Debug|x64.Build.0 = Debug|x64
		{C55048F9-C9A4-4ED7-AB49-8E74B0749F9A}.Debug|x86.ActiveCfg = Debug|Win32
		{C55048F9-C9A4-4ED7-AB49-8E74B0749F9A}.Debug|x86.Build.0 = Debug|Win32
		{C55048F9-C9A4-4ED7-AB49-8E74B0749F9A}.Release|x64.ActiveCfg = Release|x64
		{C55048F9-C9A4-4ED7-AB49-8E74B0749F9A}.Release|x64.Build.0 = Release|x64
		{C55048F9-C9A4-4ED7-AB49-8E74B0749F9A}.Release|x86.ActiveCfg = Release|Win32
		{C55048F9-C9A4-4ED7-AB49-8E74B0749F9A}.Release|x86.Build.0 = Release|Win32
	EndGlobalSection
	GlobalSection(SolutionProperties) = preSolution
		HideSolutionNode = FALSE
	EndGlobalSection
	GlobalSection(NestedProjects) = preSolution
		{A509D95B-20C2-45B9-965F-185060DCD760} = {47933D13-0023-4411-A729-E794B022F4F7}
		{52FD4B0D-30C2-493A-B739-73F89C502A2B} = {47933D13-0023-4411-A729-E794B022F4F7}
		{B6CE88FB-C53E-408B-B3D4-A2CB7FA5C575} = {47933D13-0023-4411-A729-E794B022F4F7}
		{23C65C30-5CF3-4DE3-8C96-FC67896FF290} = {47933D13-0023-4411-A729-E794B022F4F7}
		{5A095A9F-7074-46A9-9F09-178C6DB1CD62} = {47933D13-0023-4411-A729-E794B022F4F7}
		{1F8041FB-5B15-4D95-9EB2-E0FE556F3B8B} = {47933D13-0023-4411-A729-E794B022F4F7}
		{4B4B9DBA-3771-4B44-A85B-2800A612E315} = {47933D13-0023-4411-A729-E794B022F4F7}
		{24AB7C37-A346-4AE2-A961-ED23CAF89532} = {47933D13-0023-4411-A729-E794B022F4F7}
		{9AAB37F0-AE53-4D2C-B20C-A5300030B7D8} = {47933D13-0023-4411-A729-E794B022F4F7}
		{F10FD79D-BB9D-4059-94C2-BF8AA1D523A4} = {11592C03-CBD1-4175-93B6-B2F6221B5F91}
		{1AB54A65-99F3-450B-9DBF-42E640A9493F} = {11592C03-CBD1-4175-93B6-B2F6221B5F91}
		{5B667A0C-AB90-4193-A160-B0F87C66B278} = {11592C03-CBD1-4175-93B6-B2F6221B5F91}
		{0F7ED8AF-6759-47FD-A5B4-A3783B167A09} = {11592C03-CBD1-4175-93B6-B2F6221B5F91}
		{4EA024FC-A210-4502-993B-96DC6ECD71C7} = {11592C03-CBD1-4175-93B6-B2F6221B5F91}
		{C00B31D0-E8CC-470B-97EB-EF7AFBB8050F} = {11592C03-CBD1-4175-93B6-B2F6221B5F91}
		{6B521F1B-6B63-47C4-9AB5-B4D453B90D60} = {10ADA691-A537-43DD-9F3A-BCB10F6E3E3D}
		{07E988FC-C375-45D4-B540-2ED1EA48332E} = {10ADA691-A537-43DD-9F3A-BCB10F6E3E3D}
		{747EEAEB-6411-45E2-840C-BFAE152204AD} = {10ADA691-A537-43DD-9F3A-BCB10F6E3E3D}
		{8208FFB6-E55C-4A15-A60A-CF89FED6DF4F} = {10ADA691-A537-43DD-9F3A-BCB10F6E3E3D}
		{C1CE9CCF-FADF-4E89-9EFC-0A235BDC5EFE} = {10ADA691-A537-43DD-9F3A-BCB10F6E3E3D}
		{FEA92E0C-AF50-44EC-89C7-EE78A0724D55} = {10ADA691-A537-43DD-9F3A-BCB10F6E3E3D}
		{8E35837E-4C93-4E2F-898E-48F4D31BD8AD} = {10ADA691-A537-43DD-9F3A-BCB10F6E3E3D}
		{C7AC4FAB-B1C3-4488-B412-8178C5ECDA9D} = {A8695F27-BFDE-4388-9389-9FDA612119D4}
		{E3602ADA-EEAC-46E9-A530-FA949A1CE149} = {E0421BA3-E75D-4E10-A900-8ED384922D1B}
		{AB96D621-6EE2-413D-9970-3228F9A90C39} = {E0421BA3-E75D-4E10-A900-8ED384922D1B}
		{D023EDD9-0F86-425D-BDBD-76498D2DEA5E} = {E0421BA3-E75D-4E10-A900-8ED384922D1B}
		{0FC9EC62-2CFA-4736-A8A4-AC15D9C7F2E3} = {E0421BA3-E75D-4E10-A900-8ED384922D1B}
		{C55048F9-C9A4-4ED7-AB49-8E74B0749F9A} = {E0421BA3-E75D-4E10-A900-8ED384922D1B}
	EndGlobalSection
	GlobalSection(ExtensibilityGlobals) = postSolution
		SolutionGuid = {23556592-88DC-4A2F-B192-9A4280A3EABA}
	EndGlobalSection
EndGlobal
